<?xml version="1.0" encoding="utf-8"?>
<Project ToolsVersion="4.0" xmlns="http://schemas.microsoft.com/developer/msbuild/2003">
  <ItemGroup>
    <Filter Include="include" />
    <Filter Include="include\basis" />
    <Filter Include="include\basis\~configure" />
    <Filter Include="include\basis\~configure\compiler" />
    <Filter Include="include\basis\~configure\obligatory" />
    <Filter Include="include\basis\~configure\os" />
    <Filter Include="include\basis\ext" />
    <Filter Include="include\basis\ext\~bits" />
    <Filter Include="include\basis\ext\~pattern" />
    <Filter Include="include\basis\os" />
    <Filter Include="include\basis\simstd" />
    <Filter Include="include\basis\simstd\~algorithm" />
    <Filter Include="include\basis\simstd\~functional" />
    <Filter Include="include\basis\simstd\~iterator" />
    <Filter Include="include\basis\simstd\~list" />
    <Filter Include="include\basis\simstd\~memory" />
    <Filter Include="include\basis\simstd\~mutex" />
    <Filter Include="include\basis\simstd\~numeric" />
    <Filter Include="include\basis\simstd\~string" />
    <Filter Include="include\basis\simstd\~type_traits" />
    <Filter Include="include\basis\simstd\~utility" />
    <Filter Include="include\basis\simstd\~vector" />
    <Filter Include="include\basis\sys" />
    <Filter Include="include\basis\sys\~console" />
    <Filter Include="include\basis\sys\~crt" />
    <Filter Include="include\basis\sys\~cstr" />
    <Filter Include="include\basis\sys\~fsys" />
    <Filter Include="include\basis\sys\~linkage" />
    <Filter Include="include\basis\sys\~logger" />
    <Filter Include="include\basis\sys\~memory" />
    <Filter Include="include\basis\sys\~memory\heap" />
    <Filter Include="include\basis\sys\~path" />
    <Filter Include="include\basis\sys\~process" />
    <Filter Include="include\basis\sys\~register" />
    <Filter Include="include\basis\sys\~security" />
    <Filter Include="include\basis\sys\~sstr" />
    <Filter Include="include\basis\sys\~sync" />
    <Filter Include="include\basis\sys\~thread" />
    <Filter Include="include\basis\sys\~time" />
    <Filter Include="include\basis\sys\~totext" />
    <Filter Include="include\basis\sys\~window" />
    <Filter Include="src" />
    <Filter Include="src\ext" />
    <Filter Include="src\ext\pattern" />
    <Filter Include="src\os" />
    <Filter Include="src\simstd" />
    <Filter Include="src\simstd\chrono" />
    <Filter Include="src\simstd\list" />
    <Filter Include="src\simstd\string" />
    <Filter Include="src\sys" />
    <Filter Include="src\sys\console" />
    <Filter Include="src\sys\crt" />
    <Filter Include="src\sys\cstr" />
    <Filter Include="src\sys\dll" />
    <Filter Include="src\sys\environment" />
    <Filter Include="src\sys\fsys" />
    <Filter Include="src\sys\logger" />
    <Filter Include="src\sys\memory" />
    <Filter Include="src\sys\memory\heap" />
    <Filter Include="src\sys\path" />
    <Filter Include="src\sys\process" />
    <Filter Include="src\sys\sstr" />
    <Filter Include="src\sys\sync" />
    <Filter Include="src\sys\thread" />
    <Filter Include="src\sys\time" />
    <Filter Include="src\sys\totext" />
    <Filter Include="src\sys\traceback" />
    <Filter Include="src\sys\url" />
    <Filter Include="src\sys\win64" />
    <Filter Include="src\sys\window" />
    <Filter Include="src\tst" />
    <Filter Include="src\configure" />
    <Filter Include="src\configure\obligatory" />
  </ItemGroup>
  <ItemGroup>
    <ClInclude Include="include\basis\configure.hpp">
      <Filter>include\basis</Filter>
    </ClInclude>
    <ClInclude Include="include\basis\ext\bits.hpp">
      <Filter>include\basis\ext</Filter>
    </ClInclude>
    <ClInclude Include="include\basis\ext\pattern.hpp">
      <Filter>include\basis\ext</Filter>
    </ClInclude>
    <ClInclude Include="include\basis\ext\~bits\bit_str.hpp">
      <Filter>include\basis\ext\~bits</Filter>
    </ClInclude>
    <ClInclude Include="include\basis\ext\~bits\bits.hpp">
      <Filter>include\basis\ext\~bits</Filter>
    </ClInclude>
    <ClInclude Include="include\basis\ext\~bits\flags.hpp">
      <Filter>include\basis\ext\~bits</Filter>
    </ClInclude>
    <ClInclude Include="include\basis\ext\~pattern\Command.hpp">
      <Filter>include\basis\ext\~pattern</Filter>
    </ClInclude>
    <ClInclude Include="include\basis\ext\~pattern\Destroyable.hpp">
      <Filter>include\basis\ext\~pattern</Filter>
    </ClInclude>
    <ClInclude Include="include\basis\ext\~pattern\Inited.hpp">
      <Filter>include\basis\ext\~pattern</Filter>
    </ClInclude>
    <ClInclude Include="include\basis\ext\~pattern\RefCounter.hpp">
      <Filter>include\basis\ext\~pattern</Filter>
    </ClInclude>
    <ClInclude Include="include\basis\ext\~pattern\Singleton.hpp">
      <Filter>include\basis\ext\~pattern</Filter>
    </ClInclude>
    <ClInclude Include="include\basis\ext\~pattern\Uncopyable.hpp">
      <Filter>include\basis\ext\~pattern</Filter>
    </ClInclude>
    <ClInclude Include="include\basis\os\dbghelp.hpp">
      <Filter>include\basis\os</Filter>
    </ClInclude>
    <ClInclude Include="include\basis\os\kernel32.hpp">
      <Filter>include\basis\os</Filter>
    </ClInclude>
    <ClInclude Include="include\basis\os\shlwapi.hpp">
      <Filter>include\basis\os</Filter>
    </ClInclude>
    <ClInclude Include="include\basis\os\wininet.hpp">
      <Filter>include\basis\os</Filter>
    </ClInclude>
    <ClInclude Include="include\basis\simstd\~algorithm\base.hpp">
      <Filter>include\basis\simstd\~algorithm</Filter>
    </ClInclude>
    <ClInclude Include="include\basis\simstd\~algorithm\extra.hpp">
      <Filter>include\basis\simstd\~algorithm</Filter>
    </ClInclude>
    <ClInclude Include="include\basis\simstd\~algorithm\heap.hpp">
      <Filter>include\basis\simstd\~algorithm</Filter>
    </ClInclude>
    <ClInclude Include="include\basis\simstd\~algorithm\sort.hpp">
      <Filter>include\basis\simstd\~algorithm</Filter>
    </ClInclude>
    <ClInclude Include="include\basis\simstd\~functional\functional.hpp">
      <Filter>include\basis\simstd\~functional</Filter>
    </ClInclude>
    <ClInclude Include="include\basis\simstd\~iterator\back_insert_iterator.hpp">
      <Filter>include\basis\simstd\~iterator</Filter>
    </ClInclude>
    <ClInclude Include="include\basis\simstd\~iterator\base.hpp">
      <Filter>include\basis\simstd\~iterator</Filter>
    </ClInclude>
    <ClInclude Include="include\basis\simstd\~iterator\front_insert_iterator.hpp">
      <Filter>include\basis\simstd\~iterator</Filter>
    </ClInclude>
    <ClInclude Include="include\basis\simstd\~iterator\functional.hpp">
      <Filter>include\basis\simstd\~iterator</Filter>
    </ClInclude>
    <ClInclude Include="include\basis\simstd\~iterator\insert_iterator.hpp">
      <Filter>include\basis\simstd\~iterator</Filter>
    </ClInclude>
    <ClInclude Include="include\basis\simstd\~iterator\move_iterator.hpp">
      <Filter>include\basis\simstd\~iterator</Filter>
    </ClInclude>
    <ClInclude Include="include\basis\simstd\~iterator\pvt_const_value_iterator.hpp">
      <Filter>include\basis\simstd\~iterator</Filter>
    </ClInclude>
    <ClInclude Include="include\basis\simstd\~iterator\pvt_normal_iterator.hpp">
      <Filter>include\basis\simstd\~iterator</Filter>
    </ClInclude>
    <ClInclude Include="include\basis\simstd\~iterator\reverse_iterator.hpp">
      <Filter>include\basis\simstd\~iterator</Filter>
    </ClInclude>
    <ClInclude Include="include\basis\simstd\~list\base.hpp">
      <Filter>include\basis\simstd\~list</Filter>
    </ClInclude>
    <ClInclude Include="include\basis\simstd\~list\interface.hpp">
      <Filter>include\basis\simstd\~list</Filter>
    </ClInclude>
    <ClInclude Include="include\basis\simstd\~list\iterator.hpp">
      <Filter>include\basis\simstd\~list</Filter>
    </ClInclude>
    <ClInclude Include="include\basis\simstd\~list\node.hpp">
      <Filter>include\basis\simstd\~list</Filter>
    </ClInclude>
    <ClInclude Include="include\basis\simstd\~memory\allocator.hpp">
      <Filter>include\basis\simstd\~memory</Filter>
    </ClInclude>
    <ClInclude Include="include\basis\simstd\~memory\allocator_traits.hpp">
      <Filter>include\basis\simstd\~memory</Filter>
    </ClInclude>
    <ClInclude Include="include\basis\simstd\~memory\AllocatorHeap.hpp">
      <Filter>include\basis\simstd\~memory</Filter>
    </ClInclude>
    <ClInclude Include="include\basis\simstd\~memory\AllocatorHeapLogged.hpp">
      <Filter>include\basis\simstd\~memory</Filter>
    </ClInclude>
    <ClInclude Include="include\basis\simstd\~memory\auto_ptr.hpp">
      <Filter>include\basis\simstd\~memory</Filter>
    </ClInclude>
    <ClInclude Include="include\basis\simstd\~memory\base.hpp">
      <Filter>include\basis\simstd\~memory</Filter>
    </ClInclude>
    <ClInclude Include="include\basis\simstd\~memory\default_deleters.hpp">
      <Filter>include\basis\simstd\~memory</Filter>
    </ClInclude>
    <ClInclude Include="include\basis\simstd\~memory\functional.hpp">
      <Filter>include\basis\simstd\~memory</Filter>
    </ClInclude>
    <ClInclude Include="include\basis\simstd\~memory\movable_allocator.hpp">
      <Filter>include\basis\simstd\~memory</Filter>
    </ClInclude>
    <ClInclude Include="include\basis\simstd\~memory\new.hpp">
      <Filter>include\basis\simstd\~memory</Filter>
    </ClInclude>
    <ClInclude Include="include\basis\simstd\~memory\raw_storage_iterator.hpp">
      <Filter>include\basis\simstd\~memory</Filter>
    </ClInclude>
    <ClInclude Include="include\basis\simstd\~memory\shared_ptr.hpp">
      <Filter>include\basis\simstd\~memory</Filter>
    </ClInclude>
    <ClInclude Include="include\basis\simstd\~memory\unique_ptr.hpp">
      <Filter>include\basis\simstd\~memory</Filter>
    </ClInclude>
    <ClInclude Include="include\basis\simstd\~mutex\functional.hpp">
      <Filter>include\basis\simstd\~mutex</Filter>
    </ClInclude>
    <ClInclude Include="include\basis\simstd\~mutex\lock_guard.hpp">
      <Filter>include\basis\simstd\~mutex</Filter>
    </ClInclude>
    <ClInclude Include="include\basis\simstd\~mutex\once.hpp">
      <Filter>include\basis\simstd\~mutex</Filter>
    </ClInclude>
    <ClInclude Include="include\basis\simstd\~mutex\recursive_mutex.hpp">
      <Filter>include\basis\simstd\~mutex</Filter>
    </ClInclude>
    <ClInclude Include="include\basis\simstd\~mutex\recursive_timed_mutex.hpp">
      <Filter>include\basis\simstd\~mutex</Filter>
    </ClInclude>
    <ClInclude Include="include\basis\simstd\~mutex\types.hpp">
      <Filter>include\basis\simstd\~mutex</Filter>
    </ClInclude>
    <ClInclude Include="include\basis\simstd\~mutex\unique_lock.hpp">
      <Filter>include\basis\simstd\~mutex</Filter>
    </ClInclude>
    <ClInclude Include="include\basis\simstd\~numeric\numeric.hpp">
      <Filter>include\basis\simstd\~numeric</Filter>
    </ClInclude>
    <ClInclude Include="include\basis\simstd\~string\basic_string.hpp">
      <Filter>include\basis\simstd\~string</Filter>
    </ClInclude>
    <ClInclude Include="include\basis\simstd\~string\basic_string2.hpp">
      <Filter>include\basis\simstd\~string</Filter>
    </ClInclude>
    <ClInclude Include="include\basis\simstd\~string\char_traits.hpp">
      <Filter>include\basis\simstd\~string</Filter>
    </ClInclude>
    <ClInclude Include="include\basis\simstd\~string\convert_a.hpp">
      <Filter>include\basis\simstd\~string</Filter>
    </ClInclude>
    <ClInclude Include="include\basis\simstd\~string\convert_w.hpp">
      <Filter>include\basis\simstd\~string</Filter>
    </ClInclude>
    <ClInclude Include="include\basis\simstd\~string\Str_base.hpp">
      <Filter>include\basis\simstd\~string</Filter>
    </ClInclude>
    <ClInclude Include="include\basis\simstd\~string\Str_impl.hpp">
      <Filter>include\basis\simstd\~string</Filter>
    </ClInclude>
    <ClInclude Include="include\basis\simstd\~type_traits\conditional.hpp">
      <Filter>include\basis\simstd\~type_traits</Filter>
    </ClInclude>
    <ClInclude Include="include\basis\simstd\~type_traits\integral_constant.hpp">
      <Filter>include\basis\simstd\~type_traits</Filter>
    </ClInclude>
    <ClInclude Include="include\basis\simstd\~type_traits\remove_cv.hpp">
      <Filter>include\basis\simstd\~type_traits</Filter>
    </ClInclude>
    <ClInclude Include="include\basis\simstd\~type_traits\type.hpp">
      <Filter>include\basis\simstd\~type_traits</Filter>
    </ClInclude>
    <ClInclude Include="include\basis\simstd\~utility\pair.hpp">
      <Filter>include\basis\simstd\~utility</Filter>
    </ClInclude>
    <ClInclude Include="include\basis\simstd\~utility\rel_ops.hpp">
      <Filter>include\basis\simstd\~utility</Filter>
    </ClInclude>
    <ClInclude Include="include\basis\simstd\~vector\interface.hpp">
      <Filter>include\basis\simstd\~vector</Filter>
    </ClInclude>
    <ClInclude Include="include\basis\simstd\~vector\movable_vector.hpp">
      <Filter>include\basis\simstd\~vector</Filter>
    </ClInclude>
    <ClInclude Include="include\basis\simstd\~vector\vector_base.hpp">
      <Filter>include\basis\simstd\~vector</Filter>
    </ClInclude>
    <ClInclude Include="include\basis\sys\~console\aprintf.hpp">
      <Filter>include\basis\sys\~console</Filter>
    </ClInclude>
    <ClInclude Include="include\basis\sys\~console\Color.hpp">
      <Filter>include\basis\sys\~console</Filter>
    </ClInclude>
    <ClInclude Include="include\basis\sys\~console\console.hpp">
      <Filter>include\basis\sys\~console</Filter>
    </ClInclude>
    <ClInclude Include="include\basis\sys\~console\wprintf.hpp">
      <Filter>include\basis\sys\~console</Filter>
    </ClInclude>
    <ClInclude Include="include\basis\sys\~crt\assert.hpp">
      <Filter>include\basis\sys\~crt</Filter>
    </ClInclude>
    <ClInclude Include="include\basis\sys\~crt\atexit.hpp">
      <Filter>include\basis\sys\~crt</Filter>
    </ClInclude>
    <ClInclude Include="include\basis\sys\~crt\seh.hpp">
      <Filter>include\basis\sys\~crt</Filter>
    </ClInclude>
    <ClInclude Include="include\basis\sys\~cstr\char.hpp">
      <Filter>include\basis\sys\~cstr</Filter>
    </ClInclude>
    <ClInclude Include="include\basis\sys\~cstr\char_traits.hpp">
      <Filter>include\basis\sys\~cstr</Filter>
    </ClInclude>
    <ClInclude Include="include\basis\sys\~cstr\convert_a.hpp">
      <Filter>include\basis\sys\~cstr</Filter>
    </ClInclude>
    <ClInclude Include="include\basis\sys\~cstr\convert_w.hpp">
      <Filter>include\basis\sys\~cstr</Filter>
    </ClInclude>
    <ClInclude Include="include\basis\sys\~cstr\cstr.hpp">
      <Filter>include\basis\sys\~cstr</Filter>
    </ClInclude>
    <ClInclude Include="include\basis\sys\~cstr\from_number.hpp">
      <Filter>include\basis\sys\~cstr</Filter>
    </ClInclude>
    <ClInclude Include="include\basis\sys\~cstr\mstring.hpp">
      <Filter>include\basis\sys\~cstr</Filter>
    </ClInclude>
    <ClInclude Include="include\basis\sys\~cstr\NamedValues.hpp">
      <Filter>include\basis\sys\~cstr</Filter>
    </ClInclude>
    <ClInclude Include="include\basis\sys\~cstr\to_number.hpp">
      <Filter>include\basis\sys\~cstr</Filter>
    </ClInclude>
    <ClInclude Include="include\basis\sys\~fsys\attributes.hpp">
      <Filter>include\basis\sys\~fsys</Filter>
    </ClInclude>
    <ClInclude Include="include\basis\sys\~fsys\direcrory.hpp">
      <Filter>include\basis\sys\~fsys</Filter>
    </ClInclude>
    <ClInclude Include="include\basis\sys\~fsys\file.hpp">
      <Filter>include\basis\sys\~fsys</Filter>
    </ClInclude>
    <ClInclude Include="include\basis\sys\~fsys\fsys.hpp">
      <Filter>include\basis\sys\~fsys</Filter>
    </ClInclude>
    <ClInclude Include="include\basis\sys\~linkage\dll.hpp">
      <Filter>include\basis\sys\~linkage</Filter>
    </ClInclude>
    <ClInclude Include="include\basis\sys\~logger\macros.hpp">
      <Filter>include\basis\sys\~logger</Filter>
    </ClInclude>
    <ClInclude Include="include\basis\sys\~logger\Module.hpp">
      <Filter>include\basis\sys\~logger</Filter>
    </ClInclude>
    <ClInclude Include="include\basis\sys\~path\defaults.hpp">
      <Filter>include\basis\sys\~path</Filter>
    </ClInclude>
    <ClInclude Include="include\basis\sys\~path\filename.hpp">
      <Filter>include\basis\sys\~path</Filter>
    </ClInclude>
    <ClInclude Include="include\basis\sys\~path\inplace.hpp">
      <Filter>include\basis\sys\~path</Filter>
    </ClInclude>
    <ClInclude Include="include\basis\sys\~path\path.hpp">
      <Filter>include\basis\sys\~path</Filter>
    </ClInclude>
    <ClInclude Include="include\basis\sys\~memory\auto_array.hpp">
      <Filter>include\basis\sys\~memory</Filter>
    </ClInclude>
    <ClInclude Include="include\basis\sys\~memory\auto_buf.hpp">
      <Filter>include\basis\sys\~memory</Filter>
    </ClInclude>
    <ClInclude Include="include\basis\sys\~memory\auto_close.hpp">
      <Filter>include\basis\sys\~memory</Filter>
    </ClInclude>
    <ClInclude Include="include\basis\sys\~memory\auto_destroy.hpp">
      <Filter>include\basis\sys\~memory</Filter>
    </ClInclude>
    <ClInclude Include="include\basis\sys\~memory\constraints.hpp">
      <Filter>include\basis\sys\~memory</Filter>
    </ClInclude>
    <ClInclude Include="include\basis\sys\~memory\memory.hpp">
      <Filter>include\basis\sys\~memory</Filter>
    </ClInclude>
    <ClInclude Include="include\basis\sys\~memory\heap\Default.hpp">
      <Filter>include\basis\sys\~memory\heap</Filter>
    </ClInclude>
    <ClInclude Include="include\basis\sys\~memory\heap\DefaultLogged.hpp">
      <Filter>include\basis\sys\~memory\heap</Filter>
    </ClInclude>
    <ClInclude Include="include\basis\sys\~memory\heap\DefaultMovable.hpp">
      <Filter>include\basis\sys\~memory\heap</Filter>
    </ClInclude>
    <ClInclude Include="include\basis\sys\~memory\heap\DefaultStat.hpp">
      <Filter>include\basis\sys\~memory\heap</Filter>
    </ClInclude>
    <ClInclude Include="include\basis\sys\~memory\heap\DefaultStatTag.hpp">
      <Filter>include\basis\sys\~memory\heap</Filter>
    </ClInclude>
    <ClInclude Include="include\basis\sys\~memory\heap\Heap.hpp">
      <Filter>include\basis\sys\~memory\heap</Filter>
    </ClInclude>
    <ClInclude Include="include\basis\sys\~memory\heap\Special.hpp">
      <Filter>include\basis\sys\~memory\heap</Filter>
    </ClInclude>
    <ClInclude Include="include\basis\sys\~memory\heap\SpecialLogged.hpp">
      <Filter>include\basis\sys\~memory\heap</Filter>
    </ClInclude>
    <ClInclude Include="include\basis\sys\~memory\heap\Stat.hpp">
      <Filter>include\basis\sys\~memory\heap</Filter>
    </ClInclude>
    <ClInclude Include="include\basis\sys\~process\environment.hpp">
      <Filter>include\basis\sys\~process</Filter>
    </ClInclude>
    <ClInclude Include="include\basis\sys\~process\process.hpp">
      <Filter>include\basis\sys\~process</Filter>
    </ClInclude>
    <ClInclude Include="include\basis\sys\~register\reg.hpp">
      <Filter>include\basis\sys\~register</Filter>
    </ClInclude>
    <ClInclude Include="include\basis\sys\~security\system.hpp">
      <Filter>include\basis\sys\~security</Filter>
    </ClInclude>
    <ClInclude Include="include\basis\sys\~sstr\convert.hpp">
      <Filter>include\basis\sys\~sstr</Filter>
    </ClInclude>
    <ClInclude Include="include\basis\sys\~sstr\format.hpp">
      <Filter>include\basis\sys\~sstr</Filter>
    </ClInclude>
    <ClInclude Include="include\basis\sys\~sstr\string.hpp">
      <Filter>include\basis\sys\~sstr</Filter>
    </ClInclude>
    <ClInclude Include="include\basis\sys\~sstr\wstr.hpp">
      <Filter>include\basis\sys\~sstr</Filter>
    </ClInclude>
    <ClInclude Include="include\basis\sys\~sync\CriticalSection.hpp">
      <Filter>include\basis\sys\~sync</Filter>
    </ClInclude>
    <ClInclude Include="include\basis\sys\~sync\Mutex.hpp">
      <Filter>include\basis\sys\~sync</Filter>
    </ClInclude>
    <ClInclude Include="include\basis\sys\~sync\Semaphore.hpp">
      <Filter>include\basis\sys\~sync</Filter>
    </ClInclude>
    <ClInclude Include="include\basis\sys\~thread\base.hpp">
      <Filter>include\basis\sys\~thread</Filter>
    </ClInclude>
    <ClInclude Include="include\basis\sys\~thread\Pool.hpp">
      <Filter>include\basis\sys\~thread</Filter>
    </ClInclude>
    <ClInclude Include="include\basis\sys\~thread\Routine.hpp">
      <Filter>include\basis\sys\~thread</Filter>
    </ClInclude>
    <ClInclude Include="include\basis\sys\~thread\totext.hpp">
      <Filter>include\basis\sys\~thread</Filter>
    </ClInclude>
    <ClInclude Include="include\basis\sys\~thread\Unit.hpp">
      <Filter>include\basis\sys\~thread</Filter>
    </ClInclude>
    <ClInclude Include="include\basis\sys\~time\time.hpp">
      <Filter>include\basis\sys\~time</Filter>
    </ClInclude>
    <ClInclude Include="include\basis\sys\~totext\error.hpp">
      <Filter>include\basis\sys\~totext</Filter>
    </ClInclude>
    <ClInclude Include="include\basis\sys\~window\window.hpp">
      <Filter>include\basis\sys\~window</Filter>
    </ClInclude>
    <ClInclude Include="include\basis\sys\console.hpp">
      <Filter>include\basis\sys</Filter>
    </ClInclude>
    <ClInclude Include="include\basis\sys\crt.hpp">
      <Filter>include\basis\sys</Filter>
    </ClInclude>
    <ClInclude Include="include\basis\sys\cstr.hpp">
      <Filter>include\basis\sys</Filter>
    </ClInclude>
    <ClInclude Include="include\basis\sys\fsys.hpp">
      <Filter>include\basis\sys</Filter>
    </ClInclude>
    <ClInclude Include="include\basis\sys\linkage.hpp">
      <Filter>include\basis\sys</Filter>
    </ClInclude>
    <ClInclude Include="include\basis\sys\logger.hpp">
      <Filter>include\basis\sys</Filter>
    </ClInclude>
    <ClInclude Include="include\basis\sys\memory.hpp">
      <Filter>include\basis\sys</Filter>
    </ClInclude>
    <ClInclude Include="include\basis\sys\path.hpp">
      <Filter>include\basis\sys</Filter>
    </ClInclude>
    <ClInclude Include="include\basis\sys\process.hpp">
      <Filter>include\basis\sys</Filter>
    </ClInclude>
    <ClInclude Include="include\basis\sys\sstr.hpp">
      <Filter>include\basis\sys</Filter>
    </ClInclude>
    <ClInclude Include="include\basis\sys\sync.hpp">
      <Filter>include\basis\sys</Filter>
    </ClInclude>
    <ClInclude Include="include\basis\sys\thread.hpp">
      <Filter>include\basis\sys</Filter>
    </ClInclude>
    <ClInclude Include="include\basis\sys\totext.hpp">
      <Filter>include\basis\sys</Filter>
    </ClInclude>
    <ClInclude Include="include\basis\sys\traceback.hpp">
      <Filter>include\basis\sys</Filter>
    </ClInclude>
    <ClInclude Include="include\basis\sys\url.hpp">
      <Filter>include\basis\sys</Filter>
    </ClInclude>
    <ClInclude Include="include\basis\sys\win64.hpp">
      <Filter>include\basis\sys</Filter>
    </ClInclude>
    <ClInclude Include="include\basis\~configure\compiler\gcc.hpp">
      <Filter>include\basis\~configure\compiler</Filter>
    </ClInclude>
    <ClInclude Include="include\basis\~configure\compiler\vc_epilog.hpp">
      <Filter>include\basis\~configure\compiler</Filter>
    </ClInclude>
    <ClInclude Include="include\basis\~configure\compiler\vc_prolog.hpp">
      <Filter>include\basis\~configure\compiler</Filter>
    </ClInclude>
    <ClInclude Include="include\basis\~configure\obligatory\array.hpp">
      <Filter>include\basis\~configure\obligatory</Filter>
    </ClInclude>
    <ClInclude Include="include\basis\~configure\obligatory\constants.hpp">
      <Filter>include\basis\~configure\obligatory</Filter>
    </ClInclude>
    <ClInclude Include="include\basis\~configure\obligatory\definitions.hpp">
      <Filter>include\basis\~configure\obligatory</Filter>
    </ClInclude>
    <ClInclude Include="include\basis\~configure\obligatory\make_ll.hpp">
      <Filter>include\basis\~configure\obligatory</Filter>
    </ClInclude>
    <ClInclude Include="include\basis\~configure\obligatory\safe.hpp">
      <Filter>include\basis\~configure\obligatory</Filter>
    </ClInclude>
    <ClInclude Include="include\basis\~configure\obligatory\this_file.hpp">
      <Filter>include\basis\~configure\obligatory</Filter>
    </ClInclude>
    <ClInclude Include="include\basis\~configure\obligatory\types.hpp">
      <Filter>include\basis\~configure\obligatory</Filter>
    </ClInclude>
    <ClInclude Include="include\basis\~configure\obligatory\Va_list.hpp">
      <Filter>include\basis\~configure\obligatory</Filter>
    </ClInclude>
    <ClInclude Include="include\basis\~configure\os\windows_epilog.hpp">
      <Filter>include\basis\~configure\os</Filter>
    </ClInclude>
    <ClInclude Include="include\basis\~configure\os\windows_prolog.hpp">
      <Filter>include\basis\~configure\os</Filter>
    </ClInclude>
    <ClInclude Include="src\sys\logger\logger_pvt.hpp">
      <Filter>src\sys\logger</Filter>
    </ClInclude>
    <ClInclude Include="src\sys\sync\MessageManager.hpp">
      <Filter>src\sys\sync</Filter>
    </ClInclude>
  </ItemGroup>
  <ItemGroup>
    <None Include="include\basis\simstd\algorithm">
      <Filter>include\basis\simstd</Filter>
    </None>
    <None Include="include\basis\simstd\chrono">
      <Filter>include\basis\simstd</Filter>
    </None>
    <None Include="include\basis\simstd\functional">
      <Filter>include\basis\simstd</Filter>
    </None>
    <None Include="include\basis\simstd\initializer_list">
      <Filter>include\basis\simstd</Filter>
    </None>
    <None Include="include\basis\simstd\iosfwd">
      <Filter>include\basis\simstd</Filter>
    </None>
    <None Include="include\basis\simstd\iterator">
      <Filter>include\basis\simstd</Filter>
    </None>
    <None Include="include\basis\simstd\limits">
      <Filter>include\basis\simstd</Filter>
    </None>
    <None Include="include\basis\simstd\list">
      <Filter>include\basis\simstd</Filter>
    </None>
    <None Include="include\basis\simstd\memory">
      <Filter>include\basis\simstd</Filter>
    </None>
    <None Include="include\basis\simstd\mutex">
      <Filter>include\basis\simstd</Filter>
    </None>
    <None Include="include\basis\simstd\new">
      <Filter>include\basis\simstd</Filter>
    </None>
    <None Include="include\basis\simstd\numeric">
      <Filter>include\basis\simstd</Filter>
    </None>
    <None Include="include\basis\simstd\string">
      <Filter>include\basis\simstd</Filter>
    </None>
    <None Include="include\basis\simstd\utility">
      <Filter>include\basis\simstd</Filter>
    </None>
    <None Include="include\basis\simstd\vector">
      <Filter>include\basis\simstd</Filter>
    </None>
    <None Include="src\sys\path\file_path.cpp.dep">
      <Filter>src\sys\path</Filter>
    </None>
  </ItemGroup>
  <ItemGroup>
    <ClCompile Include="src\stub.cpp">
      <Filter>src</Filter>
    </ClCompile>
    <ClCompile Include="src\os\dbghelp.cpp">
      <Filter>src\os</Filter>
    </ClCompile>
    <ClCompile Include="src\os\kernel32.cpp">
      <Filter>src\os</Filter>
    </ClCompile>
    <ClCompile Include="src\os\shlwapi.cpp">
      <Filter>src\os</Filter>
    </ClCompile>
    <ClCompile Include="src\os\wininet.cpp">
      <Filter>src\os</Filter>
    </ClCompile>
    <ClCompile Include="src\ext\pattern\RefCounter.cpp">
      <Filter>src\ext\pattern</Filter>
    </ClCompile>
    <ClCompile Include="src\simstd\chrono\perfomance_clock.cpp">
      <Filter>src\simstd\chrono</Filter>
    </ClCompile>
    <ClCompile Include="src\simstd\list\node.cpp">
      <Filter>src\simstd\list</Filter>
    </ClCompile>
    <ClCompile Include="src\simstd\string\convert_a.cpp">
      <Filter>src\simstd\string</Filter>
    </ClCompile>
    <ClCompile Include="src\simstd\string\convert_w.cpp">
      <Filter>src\simstd\string</Filter>
    </ClCompile>
    <ClCompile Include="src\configure\obligatory\sprintf.cpp">
      <Filter>src\configure\obligatory</Filter>
    </ClCompile>
    <ClCompile Include="src\configure\obligatory\swprintf.cpp">
      <Filter>src\configure\obligatory</Filter>
    </ClCompile>
    <ClCompile Include="src\configure\obligatory\this_file01.cpp">
      <Filter>src\configure\obligatory</Filter>
    </ClCompile>
    <ClCompile Include="src\configure\obligatory\this_file02.cpp">
      <Filter>src\configure\obligatory</Filter>
    </ClCompile>
    <ClCompile Include="src\configure\obligatory\this_file03.cpp">
      <Filter>src\configure\obligatory</Filter>
    </ClCompile>
    <ClCompile Include="src\configure\obligatory\this_file04.cpp">
      <Filter>src\configure\obligatory</Filter>
    </ClCompile>
    <ClCompile Include="src\configure\obligatory\Va_list.cpp">
      <Filter>src\configure\obligatory</Filter>
    </ClCompile>
    <ClCompile Include="src\sys\console\aprintf.cpp">
      <Filter>src\sys\console</Filter>
    </ClCompile>
    <ClCompile Include="src\sys\console\Color.cpp">
      <Filter>src\sys\console</Filter>
    </ClCompile>
    <ClCompile Include="src\sys\console\console.cpp">
      <Filter>src\sys\console</Filter>
    </ClCompile>
    <ClCompile Include="src\sys\console\wprintf01.cpp">
      <Filter>src\sys\console</Filter>
    </ClCompile>
    <ClCompile Include="src\sys\console\wprintf02.cpp">
      <Filter>src\sys\console</Filter>
    </ClCompile>
    <ClCompile Include="src\sys\console\wprintf03.cpp">
      <Filter>src\sys\console</Filter>
    </ClCompile>
    <ClCompile Include="src\sys\console\wprintf04.cpp">
      <Filter>src\sys\console</Filter>
    </ClCompile>
    <ClCompile Include="src\sys\console\wprintf05.cpp">
      <Filter>src\sys\console</Filter>
    </ClCompile>
    <ClCompile Include="src\sys\console\wprintf06.cpp">
      <Filter>src\sys\console</Filter>
    </ClCompile>
    <ClCompile Include="src\sys\console\wprintf07.cpp">
      <Filter>src\sys\console</Filter>
    </ClCompile>
    <ClCompile Include="src\sys\console\wprintf08.cpp">
      <Filter>src\sys\console</Filter>
    </ClCompile>
    <ClCompile Include="src\sys\console\wprintf09.cpp">
      <Filter>src\sys\console</Filter>
    </ClCompile>
    <ClCompile Include="src\sys\console\wprintf10.cpp">
      <Filter>src\sys\console</Filter>
    </ClCompile>
    <ClCompile Include="src\sys\console\wprintf11.cpp">
      <Filter>src\sys\console</Filter>
    </ClCompile>
    <ClCompile Include="src\sys\console\wprintf12.cpp">
      <Filter>src\sys\console</Filter>
    </ClCompile>
    <ClCompile Include="src\sys\console\wprintf13.cpp">
      <Filter>src\sys\console</Filter>
    </ClCompile>
    <ClCompile Include="src\sys\console\wprintf14.cpp">
      <Filter>src\sys\console</Filter>
    </ClCompile>
    <ClCompile Include="src\sys\crt\assert.cpp">
      <Filter>src\sys\crt</Filter>
    </ClCompile>
    <ClCompile Include="src\sys\crt\crt.cpp">
      <Filter>src\sys\crt</Filter>
    </ClCompile>
    <ClCompile Include="src\sys\crt\seh.cpp">
      <Filter>src\sys\crt</Filter>
    </ClCompile>
    <ClCompile Include="src\sys\cstr\mstring.cpp">
      <Filter>src\sys\cstr</Filter>
    </ClCompile>
    <ClCompile Include="src\sys\dll\dll.cpp">
      <Filter>src\sys\dll</Filter>
    </ClCompile>
    <ClCompile Include="src\sys\environment\environment.cpp">
      <Filter>src\sys\environment</Filter>
    </ClCompile>
    <ClCompile Include="src\sys\fsys\attributes.cpp">
      <Filter>src\sys\fsys</Filter>
    </ClCompile>
    <ClCompile Include="src\sys\fsys\directory.cpp">
      <Filter>src\sys\fsys</Filter>
    </ClCompile>
    <ClCompile Include="src\sys\fsys\dll_shlwapi.cpp">
      <Filter>src\sys\fsys</Filter>
    </ClCompile>
    <ClCompile Include="src\sys\fsys\file.cpp">
      <Filter>src\sys\fsys</Filter>
    </ClCompile>
    <ClCompile Include="src\sys\fsys\file_Map_nt.cpp">
      <Filter>src\sys\fsys</Filter>
    </ClCompile>
    <ClCompile Include="src\sys\fsys\fsys.cpp">
      <Filter>src\sys\fsys</Filter>
    </ClCompile>
    <ClCompile Include="src\sys\cstr\cstr_convert_a.cpp">
      <Filter>src\sys\cstr</Filter>
    </ClCompile>
    <ClCompile Include="src\sys\cstr\cstr_convert_w.cpp">
      <Filter>src\sys\cstr</Filter>
    </ClCompile>
    <ClCompile Include="src\sys\logger\Logger.cpp">
      <Filter>src\sys\logger</Filter>
    </ClCompile>
    <ClCompile Include="src\sys\logger\logger_to_str.cpp">
      <Filter>src\sys\logger</Filter>
    </ClCompile>
    <ClCompile Include="src\sys\logger\LogToConsole.cpp">
      <Filter>src\sys\logger</Filter>
    </ClCompile>
    <ClCompile Include="src\sys\logger\LogToFile.cpp">
      <Filter>src\sys\logger</Filter>
    </ClCompile>
    <ClCompile Include="src\sys\logger\LogToMult.cpp">
      <Filter>src\sys\logger</Filter>
    </ClCompile>
    <ClCompile Include="src\sys\logger\LogToNull.cpp">
      <Filter>src\sys\logger</Filter>
    </ClCompile>
    <ClCompile Include="src\sys\logger\LogToSys.cpp">
      <Filter>src\sys\logger</Filter>
    </ClCompile>
    <ClCompile Include="src\sys\logger\ModuleImpl.cpp">
      <Filter>src\sys\logger</Filter>
    </ClCompile>
    <ClCompile Include="src\sys\logger\options.cpp">
      <Filter>src\sys\logger</Filter>
    </ClCompile>
    <ClCompile Include="src\sys\memory\delete.cpp">
      <Filter>src\sys\memory</Filter>
    </ClCompile>
    <ClCompile Include="src\sys\memory\delete[].cpp">
      <Filter>src\sys\memory</Filter>
    </ClCompile>
    <ClCompile Include="src\sys\memory\memory.cpp">
      <Filter>src\sys\memory</Filter>
    </ClCompile>
    <ClCompile Include="src\sys\memory\new.cpp">
      <Filter>src\sys\memory</Filter>
    </ClCompile>
    <ClCompile Include="src\sys\memory\new[].cpp">
      <Filter>src\sys\memory</Filter>
    </ClCompile>
    <ClCompile Include="src\sys\memory\heap\Default.cpp">
      <Filter>src\sys\memory\heap</Filter>
    </ClCompile>
    <ClCompile Include="src\sys\memory\heap\DefaultLogged.cpp">
      <Filter>src\sys\memory\heap</Filter>
    </ClCompile>
    <ClCompile Include="src\sys\memory\heap\DefaultMovable.cpp">
      <Filter>src\sys\memory\heap</Filter>
    </ClCompile>
    <ClCompile Include="src\sys\memory\heap\DefaultStat.cpp">
      <Filter>src\sys\memory\heap</Filter>
    </ClCompile>
    <ClCompile Include="src\sys\memory\heap\Heap.cpp">
      <Filter>src\sys\memory\heap</Filter>
    </ClCompile>
    <ClCompile Include="src\sys\path\defaults01.cpp">
      <Filter>src\sys\path</Filter>
    </ClCompile>
    <ClCompile Include="src\sys\path\defaults02.cpp">
      <Filter>src\sys\path</Filter>
    </ClCompile>
    <ClCompile Include="src\sys\path\defaults03.cpp">
      <Filter>src\sys\path</Filter>
    </ClCompile>
    <ClCompile Include="src\sys\path\defaults04.cpp">
      <Filter>src\sys\path</Filter>
    </ClCompile>
    <ClCompile Include="src\sys\path\defaults05.cpp">
      <Filter>src\sys\path</Filter>
    </ClCompile>
    <ClCompile Include="src\sys\path\defaults06.cpp">
      <Filter>src\sys\path</Filter>
    </ClCompile>
    <ClCompile Include="src\sys\path\dll_shlwapi01.cpp">
      <Filter>src\sys\path</Filter>
    </ClCompile>
    <ClCompile Include="src\sys\path\dll_shlwapi01a.cpp">
      <Filter>src\sys\path</Filter>
    </ClCompile>
    <ClCompile Include="src\sys\path\dll_shlwapi02.cpp">
      <Filter>src\sys\path</Filter>
    </ClCompile>
    <ClCompile Include="src\sys\path\dll_shlwapi02a.cpp">
      <Filter>src\sys\path</Filter>
    </ClCompile>
    <ClCompile Include="src\sys\path\dll_shlwapi02b.cpp">
      <Filter>src\sys\path</Filter>
    </ClCompile>
    <ClCompile Include="src\sys\path\dll_shlwapi03.cpp">
      <Filter>src\sys\path</Filter>
    </ClCompile>
    <ClCompile Include="src\sys\path\dll_shlwapi03a.cpp">
      <Filter>src\sys\path</Filter>
    </ClCompile>
    <ClCompile Include="src\sys\path\dll_shlwapi03b.cpp">
      <Filter>src\sys\path</Filter>
    </ClCompile>
    <ClCompile Include="src\sys\path\dll_shlwapi04.cpp">
      <Filter>src\sys\path</Filter>
    </ClCompile>
    <ClCompile Include="src\sys\path\dll_shlwapi04a.cpp">
      <Filter>src\sys\path</Filter>
    </ClCompile>
    <ClCompile Include="src\sys\path\dll_shlwapi04b.cpp">
      <Filter>src\sys\path</Filter>
    </ClCompile>
    <ClCompile Include="src\sys\path\dll_shlwapi05.cpp">
      <Filter>src\sys\path</Filter>
    </ClCompile>
    <ClCompile Include="src\sys\path\dll_shlwapi05a.cpp">
      <Filter>src\sys\path</Filter>
    </ClCompile>
    <ClCompile Include="src\sys\path\dll_shlwapi05b.cpp">
      <Filter>src\sys\path</Filter>
    </ClCompile>
    <ClCompile Include="src\sys\path\dll_shlwapi06.cpp">
      <Filter>src\sys\path</Filter>
    </ClCompile>
    <ClCompile Include="src\sys\path\filename01.cpp">
      <Filter>src\sys\path</Filter>
    </ClCompile>
    <ClCompile Include="src\sys\path\filename02.cpp">
      <Filter>src\sys\path</Filter>
    </ClCompile>
    <ClCompile Include="src\sys\path\filename03.cpp">
      <Filter>src\sys\path</Filter>
    </ClCompile>
    <ClCompile Include="src\sys\path\inplace01.cpp">
      <Filter>src\sys\path</Filter>
    </ClCompile>
    <ClCompile Include="src\sys\path\inplace01a.cpp">
      <Filter>src\sys\path</Filter>
    </ClCompile>
    <ClCompile Include="src\sys\path\inplace02.cpp">
      <Filter>src\sys\path</Filter>
    </ClCompile>
    <ClCompile Include="src\sys\path\inplace02a.cpp">
      <Filter>src\sys\path</Filter>
    </ClCompile>
    <ClCompile Include="src\sys\path\inplace03.cpp">
      <Filter>src\sys\path</Filter>
    </ClCompile>
    <ClCompile Include="src\sys\path\inplace04.cpp">
      <Filter>src\sys\path</Filter>
    </ClCompile>
    <ClCompile Include="src\sys\path\inplace04a.cpp">
      <Filter>src\sys\path</Filter>
    </ClCompile>
    <ClCompile Include="src\sys\path\inplace05.cpp">
      <Filter>src\sys\path</Filter>
    </ClCompile>
    <ClCompile Include="src\sys\path\inplace05a.cpp">
      <Filter>src\sys\path</Filter>
    </ClCompile>
    <ClCompile Include="src\sys\path\inplace06.cpp">
      <Filter>src\sys\path</Filter>
    </ClCompile>
    <ClCompile Include="src\sys\path\inplace06a.cpp">
      <Filter>src\sys\path</Filter>
    </ClCompile>
    <ClCompile Include="src\sys\path\inplace07.cpp">
      <Filter>src\sys\path</Filter>
    </ClCompile>
    <ClCompile Include="src\sys\path\inplace08.cpp">
      <Filter>src\sys\path</Filter>
    </ClCompile>
    <ClCompile Include="src\sys\path\inplace08a.cpp">
      <Filter>src\sys\path</Filter>
    </ClCompile>
    <ClCompile Include="src\sys\path\path01.cpp">
      <Filter>src\sys\path</Filter>
    </ClCompile>
    <ClCompile Include="src\sys\path\path02.cpp">
      <Filter>src\sys\path</Filter>
    </ClCompile>
    <ClCompile Include="src\sys\path\path02a.cpp">
      <Filter>src\sys\path</Filter>
    </ClCompile>
    <ClCompile Include="src\sys\path\path03.cpp">
      <Filter>src\sys\path</Filter>
    </ClCompile>
    <ClCompile Include="src\sys\path\path03a.cpp">
      <Filter>src\sys\path</Filter>
    </ClCompile>
    <ClCompile Include="src\sys\path\path04.cpp">
      <Filter>src\sys\path</Filter>
    </ClCompile>
    <ClCompile Include="src\sys\path\path04a.cpp">
      <Filter>src\sys\path</Filter>
    </ClCompile>
    <ClCompile Include="src\sys\path\path05.cpp">
      <Filter>src\sys\path</Filter>
    </ClCompile>
    <ClCompile Include="src\sys\path\path06.cpp">
      <Filter>src\sys\path</Filter>
    </ClCompile>
    <ClCompile Include="src\sys\path\path06a.cpp">
      <Filter>src\sys\path</Filter>
    </ClCompile>
    <ClCompile Include="src\sys\path\path07.cpp">
      <Filter>src\sys\path</Filter>
    </ClCompile>
    <ClCompile Include="src\sys\path\path08.cpp">
      <Filter>src\sys\path</Filter>
    </ClCompile>
    <ClCompile Include="src\sys\path\path09.cpp">
      <Filter>src\sys\path</Filter>
    </ClCompile>
    <ClCompile Include="src\sys\path\path09a.cpp">
      <Filter>src\sys\path</Filter>
    </ClCompile>
    <ClCompile Include="src\sys\path\path10.cpp">
      <Filter>src\sys\path</Filter>
    </ClCompile>
    <ClCompile Include="src\sys\path\path10a.cpp">
      <Filter>src\sys\path</Filter>
    </ClCompile>
    <ClCompile Include="src\sys\path\path11.cpp">
      <Filter>src\sys\path</Filter>
    </ClCompile>
    <ClCompile Include="src\sys\path\path11a.cpp">
      <Filter>src\sys\path</Filter>
    </ClCompile>
    <ClCompile Include="src\sys\path\path12.cpp">
      <Filter>src\sys\path</Filter>
    </ClCompile>
    <ClCompile Include="src\sys\path\path12a.cpp">
      <Filter>src\sys\path</Filter>
    </ClCompile>
    <ClCompile Include="src\sys\path\path13.cpp">
      <Filter>src\sys\path</Filter>
    </ClCompile>
    <ClCompile Include="src\sys\path\path14.cpp">
      <Filter>src\sys\path</Filter>
    </ClCompile>
    <ClCompile Include="src\sys\path\path14a.cpp">
      <Filter>src\sys\path</Filter>
    </ClCompile>
    <ClCompile Include="src\sys\process\exec.cpp">
      <Filter>src\sys\process</Filter>
    </ClCompile>
    <ClCompile Include="src\sys\process\process.cpp">
      <Filter>src\sys\process</Filter>
    </ClCompile>
    <ClCompile Include="src\sys\sstr\aconvert.cpp">
      <Filter>src\sys\sstr</Filter>
    </ClCompile>
    <ClCompile Include="src\sys\sstr\aformat.cpp">
      <Filter>src\sys\sstr</Filter>
    </ClCompile>
    <ClCompile Include="src\sys\sstr\defaults.cpp">
      <Filter>src\sys\sstr</Filter>
    </ClCompile>
    <ClCompile Include="src\sys\sstr\empty.cpp">
      <Filter>src\sys\sstr</Filter>
    </ClCompile>
    <ClCompile Include="src\sys\sstr\hash.cpp">
      <Filter>src\sys\sstr</Filter>
    </ClCompile>
    <ClCompile Include="src\sys\sstr\inplace.cpp">
      <Filter>src\sys\sstr</Filter>
    </ClCompile>
    <ClCompile Include="src\sys\sstr\str.cpp">
      <Filter>src\sys\sstr</Filter>
    </ClCompile>
    <ClCompile Include="src\sys\sstr\wconvert.cpp">
      <Filter>src\sys\sstr</Filter>
    </ClCompile>
    <ClCompile Include="src\sys\sstr\wformat.cpp">
      <Filter>src\sys\sstr</Filter>
    </ClCompile>
    <ClCompile Include="src\sys\sstr\wstr.cpp">
      <Filter>src\sys\sstr</Filter>
    </ClCompile>
    <ClCompile Include="src\sys\sync\CriticalSection_impl.cpp">
      <Filter>src\sys\sync</Filter>
    </ClCompile>
    <ClCompile Include="src\sys\sync\Delivery.cpp">
      <Filter>src\sys\sync</Filter>
    </ClCompile>
    <ClCompile Include="src\sys\sync\lock.cpp">
      <Filter>src\sys\sync</Filter>
    </ClCompile>
    <ClCompile Include="src\sys\sync\Message.cpp">
      <Filter>src\sys\sync</Filter>
    </ClCompile>
    <ClCompile Include="src\sys\sync\MessageManager.cpp">
      <Filter>src\sys\sync</Filter>
    </ClCompile>
    <ClCompile Include="src\sys\sync\MessageManager_simple.cpp">
      <Filter>src\sys\sync</Filter>
    </ClCompile>
    <ClCompile Include="src\sys\sync\Mutex.cpp">
      <Filter>src\sys\sync</Filter>
    </ClCompile>
    <ClCompile Include="src\sys\sync\Observable.cpp">
      <Filter>src\sys\sync</Filter>
    </ClCompile>
    <ClCompile Include="src\sys\sync\Observer.cpp">
      <Filter>src\sys\sync</Filter>
    </ClCompile>
    <ClCompile Include="src\sys\sync\Queue.cpp">
      <Filter>src\sys\sync</Filter>
    </ClCompile>
    <ClCompile Include="src\sys\sync\ReadWrite.cpp">
      <Filter>src\sys\sync</Filter>
    </ClCompile>
    <ClCompile Include="src\sys\sync\ScopeGuard.cpp">
      <Filter>src\sys\sync</Filter>
    </ClCompile>
    <ClCompile Include="src\sys\sync\Semaphore.cpp">
      <Filter>src\sys\sync</Filter>
    </ClCompile>
    <ClCompile Include="src\sys\sync\totext.cpp">
      <Filter>src\sys\sync</Filter>
    </ClCompile>
    <ClCompile Include="src\sys\thread\Parameters.cpp">
      <Filter>src\sys\thread</Filter>
    </ClCompile>
    <ClCompile Include="src\sys\thread\Pool.cpp">
      <Filter>src\sys\thread</Filter>
    </ClCompile>
    <ClCompile Include="src\sys\thread\Routine.cpp">
      <Filter>src\sys\thread</Filter>
    </ClCompile>
    <ClCompile Include="src\sys\thread\threads_holder.cpp">
      <Filter>src\sys\thread</Filter>
    </ClCompile>
    <ClCompile Include="src\sys\thread\Unit.cpp">
      <Filter>src\sys\thread</Filter>
    </ClCompile>
    <ClCompile Include="src\sys\thread\Unit_io.cpp">
      <Filter>src\sys\thread</Filter>
    </ClCompile>
    <ClCompile Include="src\sys\time\time.cpp">
      <Filter>src\sys\time</Filter>
    </ClCompile>
    <ClCompile Include="src\sys\totext\error01.cpp">
      <Filter>src\sys\totext</Filter>
    </ClCompile>
    <ClCompile Include="src\sys\totext\error02.cpp">
      <Filter>src\sys\totext</Filter>
    </ClCompile>
    <ClCompile Include="src\sys\totext\error03.cpp">
      <Filter>src\sys\totext</Filter>
    </ClCompile>
    <ClCompile Include="src\sys\traceback\Enum.cpp">
      <Filter>src\sys\traceback</Filter>
    </ClCompile>
    <ClCompile Include="src\sys\traceback\LazyFrame.cpp">
      <Filter>src\sys\traceback</Filter>
    </ClCompile>
    <ClCompile Include="src\sys\traceback\traceback.cpp">
      <Filter>src\sys\traceback</Filter>
    </ClCompile>
    <ClCompile Include="src\sys\url\url01.cpp">
      <Filter>src\sys\url</Filter>
    </ClCompile>
    <ClCompile Include="src\sys\url\url02.cpp">
      <Filter>src\sys\url</Filter>
    </ClCompile>
    <ClCompile Include="src\sys\win64\win64.cpp">
      <Filter>src\sys\win64</Filter>
    </ClCompile>
    <ClCompile Include="src\sys\window\window.cpp">
      <Filter>src\sys\window</Filter>
    </ClCompile>
    <ClCompile Include="src\tst\test_a_string.cpp">
      <Filter>src\tst</Filter>
    </ClCompile>
    <ClCompile Include="src\tst\test_algorithm.cpp">
      <Filter>src\tst</Filter>
    </ClCompile>
    <ClCompile Include="src\tst\test_mstring.cpp">
      <Filter>src\tst</Filter>
    </ClCompile>
    <ClCompile Include="src\tst\test_sstr.cpp">
      <Filter>src\tst</Filter>
    </ClCompile>
    <ClCompile Include="src\tst\test_vector.cpp">
      <Filter>src\tst</Filter>
    </ClCompile>
    <ClCompile Include="src\tst\test_w_string.cpp">
      <Filter>src\tst</Filter>
    </ClCompile>
    <ClCompile Include="src\sys\thread\thread_totext.cpp">
      <Filter>src\sys\thread</Filter>
    </ClCompile>
  </ItemGroup>
</Project>